
Microsoft Visual Studio Solution File, Format Version 12.00
# Visual Studio Version 17
VisualStudioVersion = 17.14.36221.1 d17.14
MinimumVisualStudioVersion = 10.0.40219.1
Project("{FAE04EC0-301F-11D3-BF4B-00C04F79EFBC}") = "CSW306_Project", "CSW306_Project\CSW306_Project.csproj", "{66283EAF-254C-4904-B39F-6C48B88994BF}"
EndProject
Global
	GlobalSection(SolutionConfigurationPlatforms) = preSolution
		Debug|Any CPU = Debug|Any CPU
		Release|Any CPU = Release|Any CPU
	EndGlobalSection
	GlobalSection(ProjectConfigurationPlatforms) = postSolution
		{66283EAF-254C-4904-B39F-6C48B88994BF}.Debug|Any CPU.ActiveCfg = Debug|Any CPU
		{66283EAF-254C-4904-B39F-6C48B88994BF}.Debug|Any CPU.Build.0 = Debug|Any CPU
		{66283EAF-254C-4904-B39F-6C48B88994BF}.Release|Any CPU.ActiveCfg = Release|Any CPU
		{66283EAF-254C-4904-B39F-6C48B88994BF}.Release|Any CPU.Build.0 = Release|Any CPU
	EndGlobalSection
	GlobalSection(SolutionProperties) = preSolution
		HideSolutionNode = FALSE
	EndGlobalSection
	GlobalSection(ExtensibilityGlobals) = postSolution
		SolutionGuid = {3DA9ECA8-4194-4E72-B6E9-6510877C478F}
	EndGlobalSection
EndGlobal
